
Microsoft Visual Studio Solution File, Format Version 12.00
# Visual Studio Version 17
VisualStudioVersion = 17.4.33213.308
MinimumVisualStudioVersion = 10.0.40219.1
Project("{9A19103F-16F7-4668-BE54-9A1E7A4F7556}") = "MyBuyingList.Web", "MyBuyingList\MyBuyingList.Web.csproj", "{78A9AB73-2600-4162-AB3C-9451EF553132}"
EndProject
Project("{9A19103F-16F7-4668-BE54-9A1E7A4F7556}") = "MyBuyingList.Infrastructure", "MyBuyingList.Infrastructure\MyBuyingList.Infrastructure.csproj", "{31C52840-E04D-4C90-A055-A467CDDB494E}"
EndProject
Project("{9A19103F-16F7-4668-BE54-9A1E7A4F7556}") = "MyBuyingList.Domain", "MyBuyingList.Domain\MyBuyingList.Domain.csproj", "{B75B6459-7E14-4BCD-8534-A63E8166DCDC}"
EndProject
Project("{9A19103F-16F7-4668-BE54-9A1E7A4F7556}") = "MyBuyingList.Application", "MyBuyingList.Application\MyBuyingList.Application.csproj", "{145633D8-6989-42C5-BF9F-6E2504A0F37B}"
EndProject
Project("{9A19103F-16F7-4668-BE54-9A1E7A4F7556}") = "MyBuyingList.Application.Tests", "MyBuyingList.Application.Tests\MyBuyingList.Application.Tests.csproj", "{4924AB00-E1C3-4F4D-9243-07788B642022}"
EndProject
Project("{2150E333-8FDC-42A3-9474-1A3956D46DE8}") = "Itens de Solução", "Itens de Solução", "{7327D7B2-D1E5-46A4-A451-EBF93ED6555B}"
	ProjectSection(SolutionItems) = preProject
		BACKLOG.md = BACKLOG.md
		README.md = README.md
		RESEARCH.md = RESEARCH.md
	EndProjectSection
EndProject
Project("{E53339B2-1760-4266-BCC7-CA923CBCF16C}") = "docker-compose", "docker-compose.dcproj", "{837E4160-E6E3-41B2-B73B-CF2E9BF83026}"
EndProject
Project("{2150E333-8FDC-42A3-9474-1A3956D46DE8}") = "src", "src", "{1B43C338-5861-4355-B073-4B4ED441C3F0}"
EndProject
Project("{2150E333-8FDC-42A3-9474-1A3956D46DE8}") = "tests", "tests", "{EA8D2936-F3EE-431E-95C1-445BA153829A}"
EndProject
Project("{9A19103F-16F7-4668-BE54-9A1E7A4F7556}") = "MyBuyingList.Infrastructure.Tests", "MyBuyingList.Infrastructure.Tests\MyBuyingList.Infrastructure.Tests.csproj", "{A7261498-4A33-4B3E-AE59-637409B0A760}"
EndProject
Project("{9A19103F-16F7-4668-BE54-9A1E7A4F7556}") = "MyBuyingList.Web.Tests", "MyBuyingList.Web.Tests\MyBuyingList.Web.Tests.csproj", "{67DDCE10-2E6A-472E-9424-238C30C1E02C}"
EndProject
Project("{22325025-CDA3-4736-83CB-2D32D2FCC215}") = "MyBuyingList.CloudFormationTemplate", "MyBuyingList.CloudFormationTemplate\MyBuyingList.CloudFormationTemplate.cfproj", "{99999999-9999-9999-9999-999999999999}"
EndProject
Global
	GlobalSection(SolutionConfigurationPlatforms) = preSolution
		Debug|Any CPU = Debug|Any CPU
		Debug|x86 = Debug|x86
		Release|Any CPU = Release|Any CPU
		Release|x86 = Release|x86
	EndGlobalSection
	GlobalSection(ProjectConfigurationPlatforms) = postSolution
		{78A9AB73-2600-4162-AB3C-9451EF553132}.Debug|Any CPU.ActiveCfg = Debug|Any CPU
		{78A9AB73-2600-4162-AB3C-9451EF553132}.Debug|Any CPU.Build.0 = Debug|Any CPU
		{78A9AB73-2600-4162-AB3C-9451EF553132}.Debug|x86.ActiveCfg = Debug|Any CPU
		{78A9AB73-2600-4162-AB3C-9451EF553132}.Debug|x86.Build.0 = Debug|Any CPU
		{78A9AB73-2600-4162-AB3C-9451EF553132}.Release|Any CPU.ActiveCfg = Release|Any CPU
		{78A9AB73-2600-4162-AB3C-9451EF553132}.Release|Any CPU.Build.0 = Release|Any CPU
		{78A9AB73-2600-4162-AB3C-9451EF553132}.Release|x86.ActiveCfg = Release|Any CPU
		{78A9AB73-2600-4162-AB3C-9451EF553132}.Release|x86.Build.0 = Release|Any CPU
		{31C52840-E04D-4C90-A055-A467CDDB494E}.Debug|Any CPU.ActiveCfg = Debug|Any CPU
		{31C52840-E04D-4C90-A055-A467CDDB494E}.Debug|Any CPU.Build.0 = Debug|Any CPU
		{31C52840-E04D-4C90-A055-A467CDDB494E}.Debug|x86.ActiveCfg = Debug|Any CPU
		{31C52840-E04D-4C90-A055-A467CDDB494E}.Debug|x86.Build.0 = Debug|Any CPU
		{31C52840-E04D-4C90-A055-A467CDDB494E}.Release|Any CPU.ActiveCfg = Release|Any CPU
		{31C52840-E04D-4C90-A055-A467CDDB494E}.Release|Any CPU.Build.0 = Release|Any CPU
		{31C52840-E04D-4C90-A055-A467CDDB494E}.Release|x86.ActiveCfg = Release|Any CPU
		{31C52840-E04D-4C90-A055-A467CDDB494E}.Release|x86.Build.0 = Release|Any CPU
		{B75B6459-7E14-4BCD-8534-A63E8166DCDC}.Debug|Any CPU.ActiveCfg = Debug|Any CPU
		{B75B6459-7E14-4BCD-8534-A63E8166DCDC}.Debug|Any CPU.Build.0 = Debug|Any CPU
		{B75B6459-7E14-4BCD-8534-A63E8166DCDC}.Debug|x86.ActiveCfg = Debug|Any CPU
		{B75B6459-7E14-4BCD-8534-A63E8166DCDC}.Debug|x86.Build.0 = Debug|Any CPU
		{B75B6459-7E14-4BCD-8534-A63E8166DCDC}.Release|Any CPU.ActiveCfg = Release|Any CPU
		{B75B6459-7E14-4BCD-8534-A63E8166DCDC}.Release|Any CPU.Build.0 = Release|Any CPU
		{B75B6459-7E14-4BCD-8534-A63E8166DCDC}.Release|x86.ActiveCfg = Release|Any CPU
		{B75B6459-7E14-4BCD-8534-A63E8166DCDC}.Release|x86.Build.0 = Release|Any CPU
		{145633D8-6989-42C5-BF9F-6E2504A0F37B}.Debug|Any CPU.ActiveCfg = Debug|Any CPU
		{145633D8-6989-42C5-BF9F-6E2504A0F37B}.Debug|Any CPU.Build.0 = Debug|Any CPU
		{145633D8-6989-42C5-BF9F-6E2504A0F37B}.Debug|x86.ActiveCfg = Debug|Any CPU
		{145633D8-6989-42C5-BF9F-6E2504A0F37B}.Debug|x86.Build.0 = Debug|Any CPU
		{145633D8-6989-42C5-BF9F-6E2504A0F37B}.Release|Any CPU.ActiveCfg = Release|Any CPU
		{145633D8-6989-42C5-BF9F-6E2504A0F37B}.Release|Any CPU.Build.0 = Release|Any CPU
		{145633D8-6989-42C5-BF9F-6E2504A0F37B}.Release|x86.ActiveCfg = Release|Any CPU
		{145633D8-6989-42C5-BF9F-6E2504A0F37B}.Release|x86.Build.0 = Release|Any CPU
		{4924AB00-E1C3-4F4D-9243-07788B642022}.Debug|Any CPU.ActiveCfg = Debug|Any CPU
		{4924AB00-E1C3-4F4D-9243-07788B642022}.Debug|Any CPU.Build.0 = Debug|Any CPU
		{4924AB00-E1C3-4F4D-9243-07788B642022}.Debug|x86.ActiveCfg = Debug|Any CPU
		{4924AB00-E1C3-4F4D-9243-07788B642022}.Debug|x86.Build.0 = Debug|Any CPU
		{4924AB00-E1C3-4F4D-9243-07788B642022}.Release|Any CPU.ActiveCfg = Release|Any CPU
		{4924AB00-E1C3-4F4D-9243-07788B642022}.Release|Any CPU.Build.0 = Release|Any CPU
		{4924AB00-E1C3-4F4D-9243-07788B642022}.Release|x86.ActiveCfg = Release|Any CPU
		{4924AB00-E1C3-4F4D-9243-07788B642022}.Release|x86.Build.0 = Release|Any CPU
		{837E4160-E6E3-41B2-B73B-CF2E9BF83026}.Debug|Any CPU.ActiveCfg = Debug|Any CPU
		{837E4160-E6E3-41B2-B73B-CF2E9BF83026}.Debug|Any CPU.Build.0 = Debug|Any CPU
		{837E4160-E6E3-41B2-B73B-CF2E9BF83026}.Debug|x86.ActiveCfg = Debug|Any CPU
		{837E4160-E6E3-41B2-B73B-CF2E9BF83026}.Debug|x86.Build.0 = Debug|Any CPU
		{837E4160-E6E3-41B2-B73B-CF2E9BF83026}.Release|Any CPU.ActiveCfg = Release|Any CPU
		{837E4160-E6E3-41B2-B73B-CF2E9BF83026}.Release|Any CPU.Build.0 = Release|Any CPU
		{837E4160-E6E3-41B2-B73B-CF2E9BF83026}.Release|x86.ActiveCfg = Release|Any CPU
		{837E4160-E6E3-41B2-B73B-CF2E9BF83026}.Release|x86.Build.0 = Release|Any CPU
		{A7261498-4A33-4B3E-AE59-637409B0A760}.Debug|Any CPU.ActiveCfg = Debug|Any CPU
		{A7261498-4A33-4B3E-AE59-637409B0A760}.Debug|Any CPU.Build.0 = Debug|Any CPU
		{A7261498-4A33-4B3E-AE59-637409B0A760}.Debug|x86.ActiveCfg = Debug|Any CPU
		{A7261498-4A33-4B3E-AE59-637409B0A760}.Debug|x86.Build.0 = Debug|Any CPU
		{A7261498-4A33-4B3E-AE59-637409B0A760}.Release|Any CPU.ActiveCfg = Release|Any CPU
		{A7261498-4A33-4B3E-AE59-637409B0A760}.Release|Any CPU.Build.0 = Release|Any CPU
		{A7261498-4A33-4B3E-AE59-637409B0A760}.Release|x86.ActiveCfg = Release|Any CPU
		{A7261498-4A33-4B3E-AE59-637409B0A760}.Release|x86.Build.0 = Release|Any CPU
		{67DDCE10-2E6A-472E-9424-238C30C1E02C}.Debug|Any CPU.ActiveCfg = Debug|Any CPU
		{67DDCE10-2E6A-472E-9424-238C30C1E02C}.Debug|Any CPU.Build.0 = Debug|Any CPU
		{67DDCE10-2E6A-472E-9424-238C30C1E02C}.Debug|x86.ActiveCfg = Debug|Any CPU
		{67DDCE10-2E6A-472E-9424-238C30C1E02C}.Debug|x86.Build.0 = Debug|Any CPU
		{67DDCE10-2E6A-472E-9424-238C30C1E02C}.Release|Any CPU.ActiveCfg = Release|Any CPU
		{67DDCE10-2E6A-472E-9424-238C30C1E02C}.Release|Any CPU.Build.0 = Release|Any CPU
		{67DDCE10-2E6A-472E-9424-238C30C1E02C}.Release|x86.ActiveCfg = Release|Any CPU
		{67DDCE10-2E6A-472E-9424-238C30C1E02C}.Release|x86.Build.0 = Release|Any CPU
		{99999999-9999-9999-9999-999999999999}.Debug|Any CPU.ActiveCfg = Debug|x86
		{99999999-9999-9999-9999-999999999999}.Debug|Any CPU.Build.0 = Debug|x86
		{99999999-9999-9999-9999-999999999999}.Debug|x86.ActiveCfg = Debug|x86
		{99999999-9999-9999-9999-999999999999}.Debug|x86.Build.0 = Debug|x86
		{99999999-9999-9999-9999-999999999999}.Release|Any CPU.ActiveCfg = Release|x86
		{99999999-9999-9999-9999-999999999999}.Release|Any CPU.Build.0 = Release|x86
		{99999999-9999-9999-9999-999999999999}.Release|x86.ActiveCfg = Release|x86
		{99999999-9999-9999-9999-999999999999}.Release|x86.Build.0 = Release|x86
	EndGlobalSection
	GlobalSection(SolutionProperties) = preSolution
		HideSolutionNode = FALSE
	EndGlobalSection
	GlobalSection(NestedProjects) = preSolution
		{78A9AB73-2600-4162-AB3C-9451EF553132} = {1B43C338-5861-4355-B073-4B4ED441C3F0}
		{31C52840-E04D-4C90-A055-A467CDDB494E} = {1B43C338-5861-4355-B073-4B4ED441C3F0}
		{B75B6459-7E14-4BCD-8534-A63E8166DCDC} = {1B43C338-5861-4355-B073-4B4ED441C3F0}
		{145633D8-6989-42C5-BF9F-6E2504A0F37B} = {1B43C338-5861-4355-B073-4B4ED441C3F0}
		{4924AB00-E1C3-4F4D-9243-07788B642022} = {EA8D2936-F3EE-431E-95C1-445BA153829A}
		{A7261498-4A33-4B3E-AE59-637409B0A760} = {EA8D2936-F3EE-431E-95C1-445BA153829A}
		{67DDCE10-2E6A-472E-9424-238C30C1E02C} = {EA8D2936-F3EE-431E-95C1-445BA153829A}
		{99999999-9999-9999-9999-999999999999} = {1B43C338-5861-4355-B073-4B4ED441C3F0}
	EndGlobalSection
	GlobalSection(ExtensibilityGlobals) = postSolution
		SolutionGuid = {6A042ADF-ED3D-4204-BD0C-DF69CC22682E}
	EndGlobalSection
EndGlobal
